
Microsoft Visual Studio Solution File, Format Version 12.00
# Visual Studio 15
VisualStudioVersion = 15.0.26730.0
MinimumVisualStudioVersion = 10.0.40219.1
Project("{2150E333-8FDC-42A3-9474-1A3956D46DE8}") = ".nuget", ".nuget", "{D19EBBEB-3F2C-4FAD-8142-3E11A4DA9488}"
	ProjectSection(SolutionItems) = preProject
		.gitattributes = .gitattributes
		.gitignore = .gitignore
		README.md = README.md
	EndProjectSection
EndProject
Project("{9A19103F-16F7-4668-BE54-9A1E7A4F7556}") = "MessageProcessor.Core", "src\MessageProcessor.Core\MessageProcessor.Core.csproj", "{5F5CAEBA-6724-4A10-A38A-80B0489E579C}"
EndProject
Project("{9A19103F-16F7-4668-BE54-9A1E7A4F7556}") = "MessageProcessor.ServiceBus", "src\MessageProcessor.ServiceBus\MessageProcessor.ServiceBus.csproj", "{751072EE-964F-4A83-8B93-FB758FC9353D}"
EndProject
Project("{9A19103F-16F7-4668-BE54-9A1E7A4F7556}") = "MessageProcessor.ApplicationInsights", "src\MessageProcessor.ApplicationInsight\MessageProcessor.ApplicationInsights.csproj", "{1C035FE6-6C79-43B3-83FC-3354943E975B}"
EndProject
Global
	GlobalSection(SolutionConfigurationPlatforms) = preSolution
		Debug|Any CPU = Debug|Any CPU
		Release|Any CPU = Release|Any CPU
	EndGlobalSection
	GlobalSection(ProjectConfigurationPlatforms) = postSolution
		{5F5CAEBA-6724-4A10-A38A-80B0489E579C}.Debug|Any CPU.ActiveCfg = Debug|Any CPU
		{5F5CAEBA-6724-4A10-A38A-80B0489E579C}.Debug|Any CPU.Build.0 = Debug|Any CPU
		{5F5CAEBA-6724-4A10-A38A-80B0489E579C}.Release|Any CPU.ActiveCfg = Release|Any CPU
		{5F5CAEBA-6724-4A10-A38A-80B0489E579C}.Release|Any CPU.Build.0 = Release|Any CPU
		{751072EE-964F-4A83-8B93-FB758FC9353D}.Debug|Any CPU.ActiveCfg = Debug|Any CPU
		{751072EE-964F-4A83-8B93-FB758FC9353D}.Debug|Any CPU.Build.0 = Debug|Any CPU
		{751072EE-964F-4A83-8B93-FB758FC9353D}.Release|Any CPU.ActiveCfg = Release|Any CPU
		{751072EE-964F-4A83-8B93-FB758FC9353D}.Release|Any CPU.Build.0 = Release|Any CPU
		{1C035FE6-6C79-43B3-83FC-3354943E975B}.Debug|Any CPU.ActiveCfg = Debug|Any CPU
		{1C035FE6-6C79-43B3-83FC-3354943E975B}.Debug|Any CPU.Build.0 = Debug|Any CPU
		{1C035FE6-6C79-43B3-83FC-3354943E975B}.Release|Any CPU.ActiveCfg = Release|Any CPU
		{1C035FE6-6C79-43B3-83FC-3354943E975B}.Release|Any CPU.Build.0 = Release|Any CPU
	EndGlobalSection
	GlobalSection(SolutionProperties) = preSolution
		HideSolutionNode = FALSE
	EndGlobalSection
	GlobalSection(ExtensibilityGlobals) = postSolution
		SolutionGuid = {BA212CE7-1E4F-41AE-9287-1F382321DB92}
	EndGlobalSection
EndGlobal
